
Microsoft Visual Studio Solution File, Format Version 12.00
# Visual Studio 15
VisualStudioVersion = 15.0.28010.2003
MinimumVisualStudioVersion = 10.0.40219.1
Project("{2150E333-8FDC-42A3-9474-1A3956D46DE8}") = "FCS", "FCS", "{24A12D29-CEE5-4959-8360-C1B3C35C5727}"
EndProject
Project("{9A19103F-16F7-4668-BE54-9A1E7A4F7556}") = "ESFA.DC.ReferenceData.FCS.Service", "FCS\ESFA.DC.ReferenceData.FCS.Service\ESFA.DC.ReferenceData.FCS.Service.csproj", "{45A07469-48C5-4B48-9D09-02C0C7DAC216}"
EndProject
Project("{FAE04EC0-301F-11D3-BF4B-00C04F79EFBC}") = "ESFA.DC.ReferenceData.FCS.Console", "FCS\ESFA.DC.ReferenceData.FCS.Console\ESFA.DC.ReferenceData.FCS.Console.csproj", "{28D2C93E-83DF-4D17-B877-ECD33231B8C2}"
EndProject
Project("{FAE04EC0-301F-11D3-BF4B-00C04F79EFBC}") = "ESFA.DC.ReferenceData.FCS.Service.Tests", "FCS\ESFA.DC.ReferenceData.FCS.Service.Tests\ESFA.DC.ReferenceData.FCS.Service.Tests.csproj", "{377208E2-39D7-46E3-8875-F69A9F792A91}"
EndProject
Project("{9A19103F-16F7-4668-BE54-9A1E7A4F7556}") = "ESFA.DC.ReferenceData.FCS.Model", "FCS\ESFA.DC.ReferenceData.FCS.Model\ESFA.DC.ReferenceData.FCS.Model.csproj", "{E7474D7B-857A-4EEF-8BAE-449DC2AA3F5A}"
EndProject
Project("{00D1A9C2-B5F0-4AF3-8072-F6C62B433612}") = "ESFA.DC.ReferenceData.FCS.Database", "FCS\ESFA.DC.ReferenceData.FCS.Database\ESFA.DC.ReferenceData.FCS.Database.sqlproj", "{79D1AD29-B14F-4DDC-AD2C-73A169D99316}"
EndProject
Project("{FAE04EC0-301F-11D3-BF4B-00C04F79EFBC}") = "ESFA.DC.ReferenceData.FCS.Model.FCS", "FCS\ESFA.DC.ReferenceData.FCS.Model.FCS\ESFA.DC.ReferenceData.FCS.Model.FCS.csproj", "{6BF5D2A1-AA60-4E12-AF41-DA18911D74AD}"
EndProject
Project("{A07B5EB6-E848-4116-A8D0-A826331D98C6}") = "ESFA.DC.ReferenceData", "ESFA.DC.ReferenceData\ESFA.DC.ReferenceData.sfproj", "{C968AB55-721F-4C5D-A556-99769F3D05C7}"
EndProject
Project("{FAE04EC0-301F-11D3-BF4B-00C04F79EFBC}") = "ESFA.DC.ReferenceData.Stateless", "ESFA.DC.ReferenceData.Stateless\ESFA.DC.ReferenceData.Stateless.csproj", "{4B4AEC2B-4CB9-4511-B91A-1F6548BE3F75}"
EndProject
Project("{9A19103F-16F7-4668-BE54-9A1E7A4F7556}") = "ESFA.DC.ReferenceData.Interfaces", "ESFA.DC.ReferenceData.Interfaces\ESFA.DC.ReferenceData.Interfaces.csproj", "{8551F171-B2E6-4CEB-BF89-DEF431CAA5E6}"
EndProject
Project("{2150E333-8FDC-42A3-9474-1A3956D46DE8}") = "EPA", "EPA", "{5F12EF8A-962D-44EA-AEFF-8DB504EC524A}"
EndProject
Project("{FAE04EC0-301F-11D3-BF4B-00C04F79EFBC}") = "ESFA.DC.ReferenceData.EPA.Console", "EPA\ESFA.DC.ReferenceData.EPA.Console\ESFA.DC.ReferenceData.EPA.Console.csproj", "{1AAA3E7E-1653-45C9-8592-E0DCE3EC9D3A}"
EndProject
Project("{9A19103F-16F7-4668-BE54-9A1E7A4F7556}") = "ESFA.DC.ReferenceData.EPA.Model.EPA", "EPA\ESFA.DC.ReferenceData.EPA.Model.EPA\ESFA.DC.ReferenceData.EPA.Model.EPA.csproj", "{4D187201-4BDC-4F60-BAA0-79394D4B4D1A}"
EndProject
Project("{00D1A9C2-B5F0-4AF3-8072-F6C62B433612}") = "ESFA.DC.ReferenceData.EPA.Database", "EPA\ESFA.DC.ReferenceData.EPA.Database\ESFA.DC.ReferenceData.EPA.Database.sqlproj", "{E9DFB17B-5430-4B57-9BDF-C5D81FAA8292}"
EndProject
Project("{FAE04EC0-301F-11D3-BF4B-00C04F79EFBC}") = "ESFA.DC.ReferenceData.EPA.Model", "EPA\ESFA.DC.ReferenceData.EPA.Model\ESFA.DC.ReferenceData.EPA.Model.csproj", "{AD7A71FC-F40F-4D30-BEB5-BB3892859775}"
EndProject
Project("{9A19103F-16F7-4668-BE54-9A1E7A4F7556}") = "ESFA.DC.ReferenceData.EPA.Service", "EPA\ESFA.DC.ReferenceData.EPA.Service\ESFA.DC.ReferenceData.EPA.Service.csproj", "{6ACB78A9-0903-45AF-A251-5A299CCE9905}"
EndProject
Project("{FAE04EC0-301F-11D3-BF4B-00C04F79EFBC}") = "ESFA.DC.ReferenceData.EPA.Service.Tests", "EPA\ESFA.DC.ReferenceData.EPA.Service.Tests\ESFA.DC.ReferenceData.EPA.Service.Tests.csproj", "{F2C7731E-8E08-418D-B8F9-061DC415ADFA}"
EndProject
Project("{2150E333-8FDC-42A3-9474-1A3956D46DE8}") = "Solution Items", "Solution Items", "{1B1211DC-E566-486F-B87F-7E007DE04FEC}"
	ProjectSection(SolutionItems) = preProject
		..\.gitignore = ..\.gitignore
	EndProjectSection
EndProject
Project("{9A19103F-16F7-4668-BE54-9A1E7A4F7556}") = "ESFA.DC.ReferenceData.FCS.Console.Core", "ESFA.DC.ReferenceData.FCS.Console.Core\ESFA.DC.ReferenceData.FCS.Console.Core.csproj", "{547FC2BD-D318-46BF-9763-977C4239E8BB}"
EndProject
Project("{2150E333-8FDC-42A3-9474-1A3956D46DE8}") = "ULN", "ULN", "{2E761CA1-8168-4FE0-BF24-4C8DB68B25A9}"
EndProject
Project("{FAE04EC0-301F-11D3-BF4B-00C04F79EFBC}") = "ESFA.DC.ReferenceData.ULN.Console", "ULN\ESFA.DC.ReferenceData.ULN.Console\ESFA.DC.ReferenceData.ULN.Console.csproj", "{CE65751A-47CD-462E-810B-643D67E10698}"
EndProject
Project("{9A19103F-16F7-4668-BE54-9A1E7A4F7556}") = "ESFA.DC.ReferenceData.ULN.Service", "ULN\ESFA.DC.ReferenceData.ULN.Service\ESFA.DC.ReferenceData.ULN.Service.csproj", "{5856CE11-F19C-4A5E-BD82-029DF733772C}"
EndProject
Project("{FAE04EC0-301F-11D3-BF4B-00C04F79EFBC}") = "ESFA.DC.ReferenceData.ULN.Service.Tests", "ULN\ESFA.DC.ReferenceData.ULN.Service.Tests\ESFA.DC.ReferenceData.ULN.Service.Tests.csproj", "{2C26B115-4D94-4494-9A05-F8C4D53FE3B1}"
EndProject
Project("{9A19103F-16F7-4668-BE54-9A1E7A4F7556}") = "ESFA.DC.ReferenceData.ULN.Model.ULN", "ULN\ESFA.DC.ReferenceData.ULN.Model.ULN\ESFA.DC.ReferenceData.ULN.Model.ULN.csproj", "{554038A9-F98B-44C3-A2A7-AA7660B45EBB}"
EndProject
Project("{00D1A9C2-B5F0-4AF3-8072-F6C62B433612}") = "ESFA.DC.ReferenceData.ULN.Database", "ULN\ESFA.DC.ReferenceData.ULN.Database\ESFA.DC.ReferenceData.ULN.Database.sqlproj", "{353667D0-9D67-4F23-BB07-6B9C31096EC4}"
EndProject
Project("{FAE04EC0-301F-11D3-BF4B-00C04F79EFBC}") = "ESFA.DC.ReferenceData.EF.Console", "ESFA.DC.ReferenceData.EF.Console\ESFA.DC.ReferenceData.EF.Console.csproj", "{C76B7FEF-645C-465C-A9F9-6C0A031FE10A}"
EndProject
Project("{FAE04EC0-301F-11D3-BF4B-00C04F79EFBC}") = "ESFA.DC.ReferenceData.ULN.Model", "ULN\ESFA.DC.ReferenceData.ULN.Model\ESFA.DC.ReferenceData.ULN.Model.csproj", "{D3E55A0E-5C6D-47D0-B2F7-861176ED0256}"
EndProject
Global
	GlobalSection(SolutionConfigurationPlatforms) = preSolution
		Debug|Any CPU = Debug|Any CPU
		Debug|x64 = Debug|x64
		Release|Any CPU = Release|Any CPU
		Release|x64 = Release|x64
	EndGlobalSection
	GlobalSection(ProjectConfigurationPlatforms) = postSolution
		{45A07469-48C5-4B48-9D09-02C0C7DAC216}.Debug|Any CPU.ActiveCfg = Debug|Any CPU
		{45A07469-48C5-4B48-9D09-02C0C7DAC216}.Debug|Any CPU.Build.0 = Debug|Any CPU
		{45A07469-48C5-4B48-9D09-02C0C7DAC216}.Debug|x64.ActiveCfg = Debug|Any CPU
		{45A07469-48C5-4B48-9D09-02C0C7DAC216}.Debug|x64.Build.0 = Debug|Any CPU
		{45A07469-48C5-4B48-9D09-02C0C7DAC216}.Release|Any CPU.ActiveCfg = Release|Any CPU
		{45A07469-48C5-4B48-9D09-02C0C7DAC216}.Release|Any CPU.Build.0 = Release|Any CPU
		{45A07469-48C5-4B48-9D09-02C0C7DAC216}.Release|x64.ActiveCfg = Release|x64
		{45A07469-48C5-4B48-9D09-02C0C7DAC216}.Release|x64.Build.0 = Release|x64
		{28D2C93E-83DF-4D17-B877-ECD33231B8C2}.Debug|Any CPU.ActiveCfg = Debug|Any CPU
		{28D2C93E-83DF-4D17-B877-ECD33231B8C2}.Debug|Any CPU.Build.0 = Debug|Any CPU
		{28D2C93E-83DF-4D17-B877-ECD33231B8C2}.Debug|x64.ActiveCfg = Debug|Any CPU
		{28D2C93E-83DF-4D17-B877-ECD33231B8C2}.Debug|x64.Build.0 = Debug|Any CPU
		{28D2C93E-83DF-4D17-B877-ECD33231B8C2}.Release|Any CPU.ActiveCfg = Release|Any CPU
		{28D2C93E-83DF-4D17-B877-ECD33231B8C2}.Release|Any CPU.Build.0 = Release|Any CPU
		{28D2C93E-83DF-4D17-B877-ECD33231B8C2}.Release|x64.ActiveCfg = Release|x64
		{28D2C93E-83DF-4D17-B877-ECD33231B8C2}.Release|x64.Build.0 = Release|x64
		{377208E2-39D7-46E3-8875-F69A9F792A91}.Debug|Any CPU.ActiveCfg = Debug|Any CPU
		{377208E2-39D7-46E3-8875-F69A9F792A91}.Debug|Any CPU.Build.0 = Debug|Any CPU
		{377208E2-39D7-46E3-8875-F69A9F792A91}.Debug|x64.ActiveCfg = Debug|Any CPU
		{377208E2-39D7-46E3-8875-F69A9F792A91}.Debug|x64.Build.0 = Debug|Any CPU
		{377208E2-39D7-46E3-8875-F69A9F792A91}.Release|Any CPU.ActiveCfg = Release|Any CPU
		{377208E2-39D7-46E3-8875-F69A9F792A91}.Release|Any CPU.Build.0 = Release|Any CPU
		{377208E2-39D7-46E3-8875-F69A9F792A91}.Release|x64.ActiveCfg = Release|x64
		{377208E2-39D7-46E3-8875-F69A9F792A91}.Release|x64.Build.0 = Release|x64
		{E7474D7B-857A-4EEF-8BAE-449DC2AA3F5A}.Debug|Any CPU.ActiveCfg = Debug|Any CPU
		{E7474D7B-857A-4EEF-8BAE-449DC2AA3F5A}.Debug|Any CPU.Build.0 = Debug|Any CPU
		{E7474D7B-857A-4EEF-8BAE-449DC2AA3F5A}.Debug|x64.ActiveCfg = Debug|Any CPU
		{E7474D7B-857A-4EEF-8BAE-449DC2AA3F5A}.Debug|x64.Build.0 = Debug|Any CPU
		{E7474D7B-857A-4EEF-8BAE-449DC2AA3F5A}.Release|Any CPU.ActiveCfg = Release|Any CPU
		{E7474D7B-857A-4EEF-8BAE-449DC2AA3F5A}.Release|Any CPU.Build.0 = Release|Any CPU
		{E7474D7B-857A-4EEF-8BAE-449DC2AA3F5A}.Release|x64.ActiveCfg = Release|Any CPU
		{E7474D7B-857A-4EEF-8BAE-449DC2AA3F5A}.Release|x64.Build.0 = Release|Any CPU
		{79D1AD29-B14F-4DDC-AD2C-73A169D99316}.Debug|Any CPU.ActiveCfg = Debug|Any CPU
		{79D1AD29-B14F-4DDC-AD2C-73A169D99316}.Debug|Any CPU.Build.0 = Debug|Any CPU
		{79D1AD29-B14F-4DDC-AD2C-73A169D99316}.Debug|Any CPU.Deploy.0 = Debug|Any CPU
		{79D1AD29-B14F-4DDC-AD2C-73A169D99316}.Debug|x64.ActiveCfg = Debug|Any CPU
		{79D1AD29-B14F-4DDC-AD2C-73A169D99316}.Debug|x64.Build.0 = Debug|Any CPU
		{79D1AD29-B14F-4DDC-AD2C-73A169D99316}.Debug|x64.Deploy.0 = Debug|Any CPU
		{79D1AD29-B14F-4DDC-AD2C-73A169D99316}.Release|Any CPU.ActiveCfg = Release|Any CPU
		{79D1AD29-B14F-4DDC-AD2C-73A169D99316}.Release|Any CPU.Build.0 = Release|Any CPU
		{79D1AD29-B14F-4DDC-AD2C-73A169D99316}.Release|x64.ActiveCfg = Release|x64
		{79D1AD29-B14F-4DDC-AD2C-73A169D99316}.Release|x64.Build.0 = Release|x64
		{6BF5D2A1-AA60-4E12-AF41-DA18911D74AD}.Debug|Any CPU.ActiveCfg = Debug|Any CPU
		{6BF5D2A1-AA60-4E12-AF41-DA18911D74AD}.Debug|Any CPU.Build.0 = Debug|Any CPU
		{6BF5D2A1-AA60-4E12-AF41-DA18911D74AD}.Debug|x64.ActiveCfg = Debug|Any CPU
		{6BF5D2A1-AA60-4E12-AF41-DA18911D74AD}.Debug|x64.Build.0 = Debug|Any CPU
		{6BF5D2A1-AA60-4E12-AF41-DA18911D74AD}.Release|Any CPU.ActiveCfg = Release|Any CPU
		{6BF5D2A1-AA60-4E12-AF41-DA18911D74AD}.Release|Any CPU.Build.0 = Release|Any CPU
		{6BF5D2A1-AA60-4E12-AF41-DA18911D74AD}.Release|x64.ActiveCfg = Release|x64
		{6BF5D2A1-AA60-4E12-AF41-DA18911D74AD}.Release|x64.Build.0 = Release|x64
		{C968AB55-721F-4C5D-A556-99769F3D05C7}.Debug|Any CPU.ActiveCfg = Debug|x64
		{C968AB55-721F-4C5D-A556-99769F3D05C7}.Debug|Any CPU.Build.0 = Debug|x64
		{C968AB55-721F-4C5D-A556-99769F3D05C7}.Debug|Any CPU.Deploy.0 = Debug|x64
		{C968AB55-721F-4C5D-A556-99769F3D05C7}.Debug|x64.ActiveCfg = Debug|x64
		{C968AB55-721F-4C5D-A556-99769F3D05C7}.Debug|x64.Build.0 = Debug|x64
		{C968AB55-721F-4C5D-A556-99769F3D05C7}.Debug|x64.Deploy.0 = Debug|x64
		{C968AB55-721F-4C5D-A556-99769F3D05C7}.Release|Any CPU.ActiveCfg = Release|Any CPU
		{C968AB55-721F-4C5D-A556-99769F3D05C7}.Release|Any CPU.Build.0 = Release|Any CPU
		{C968AB55-721F-4C5D-A556-99769F3D05C7}.Release|x64.ActiveCfg = Release|x64
		{C968AB55-721F-4C5D-A556-99769F3D05C7}.Release|x64.Build.0 = Release|x64
		{4B4AEC2B-4CB9-4511-B91A-1F6548BE3F75}.Debug|Any CPU.ActiveCfg = Debug|x64
		{4B4AEC2B-4CB9-4511-B91A-1F6548BE3F75}.Debug|Any CPU.Build.0 = Debug|x64
		{4B4AEC2B-4CB9-4511-B91A-1F6548BE3F75}.Debug|x64.ActiveCfg = Debug|x64
		{4B4AEC2B-4CB9-4511-B91A-1F6548BE3F75}.Debug|x64.Build.0 = Debug|x64
		{4B4AEC2B-4CB9-4511-B91A-1F6548BE3F75}.Release|Any CPU.ActiveCfg = Release|Any CPU
		{4B4AEC2B-4CB9-4511-B91A-1F6548BE3F75}.Release|Any CPU.Build.0 = Release|Any CPU
		{4B4AEC2B-4CB9-4511-B91A-1F6548BE3F75}.Release|x64.ActiveCfg = Release|x64
		{4B4AEC2B-4CB9-4511-B91A-1F6548BE3F75}.Release|x64.Build.0 = Release|x64
		{8551F171-B2E6-4CEB-BF89-DEF431CAA5E6}.Debug|Any CPU.ActiveCfg = Debug|Any CPU
		{8551F171-B2E6-4CEB-BF89-DEF431CAA5E6}.Debug|Any CPU.Build.0 = Debug|Any CPU
		{8551F171-B2E6-4CEB-BF89-DEF431CAA5E6}.Debug|x64.ActiveCfg = Debug|Any CPU
		{8551F171-B2E6-4CEB-BF89-DEF431CAA5E6}.Debug|x64.Build.0 = Debug|Any CPU
		{8551F171-B2E6-4CEB-BF89-DEF431CAA5E6}.Release|Any CPU.ActiveCfg = Release|Any CPU
		{8551F171-B2E6-4CEB-BF89-DEF431CAA5E6}.Release|Any CPU.Build.0 = Release|Any CPU
		{8551F171-B2E6-4CEB-BF89-DEF431CAA5E6}.Release|x64.ActiveCfg = Release|x64
		{8551F171-B2E6-4CEB-BF89-DEF431CAA5E6}.Release|x64.Build.0 = Release|x64
		{1AAA3E7E-1653-45C9-8592-E0DCE3EC9D3A}.Debug|Any CPU.ActiveCfg = Debug|Any CPU
		{1AAA3E7E-1653-45C9-8592-E0DCE3EC9D3A}.Debug|Any CPU.Build.0 = Debug|Any CPU
		{1AAA3E7E-1653-45C9-8592-E0DCE3EC9D3A}.Debug|x64.ActiveCfg = Debug|Any CPU
		{1AAA3E7E-1653-45C9-8592-E0DCE3EC9D3A}.Debug|x64.Build.0 = Debug|Any CPU
		{1AAA3E7E-1653-45C9-8592-E0DCE3EC9D3A}.Release|Any CPU.ActiveCfg = Release|Any CPU
		{1AAA3E7E-1653-45C9-8592-E0DCE3EC9D3A}.Release|Any CPU.Build.0 = Release|Any CPU
		{1AAA3E7E-1653-45C9-8592-E0DCE3EC9D3A}.Release|x64.ActiveCfg = Release|x64
		{1AAA3E7E-1653-45C9-8592-E0DCE3EC9D3A}.Release|x64.Build.0 = Release|x64
		{4D187201-4BDC-4F60-BAA0-79394D4B4D1A}.Debug|Any CPU.ActiveCfg = Debug|Any CPU
		{4D187201-4BDC-4F60-BAA0-79394D4B4D1A}.Debug|Any CPU.Build.0 = Debug|Any CPU
		{4D187201-4BDC-4F60-BAA0-79394D4B4D1A}.Debug|x64.ActiveCfg = Debug|Any CPU
		{4D187201-4BDC-4F60-BAA0-79394D4B4D1A}.Debug|x64.Build.0 = Debug|Any CPU
		{4D187201-4BDC-4F60-BAA0-79394D4B4D1A}.Release|Any CPU.ActiveCfg = Release|Any CPU
		{4D187201-4BDC-4F60-BAA0-79394D4B4D1A}.Release|Any CPU.Build.0 = Release|Any CPU
		{4D187201-4BDC-4F60-BAA0-79394D4B4D1A}.Release|x64.ActiveCfg = Release|x64
		{4D187201-4BDC-4F60-BAA0-79394D4B4D1A}.Release|x64.Build.0 = Release|x64
		{E9DFB17B-5430-4B57-9BDF-C5D81FAA8292}.Debug|Any CPU.ActiveCfg = Debug|Any CPU
		{E9DFB17B-5430-4B57-9BDF-C5D81FAA8292}.Debug|Any CPU.Build.0 = Debug|Any CPU
		{E9DFB17B-5430-4B57-9BDF-C5D81FAA8292}.Debug|Any CPU.Deploy.0 = Debug|Any CPU
		{E9DFB17B-5430-4B57-9BDF-C5D81FAA8292}.Debug|x64.ActiveCfg = Debug|Any CPU
		{E9DFB17B-5430-4B57-9BDF-C5D81FAA8292}.Debug|x64.Build.0 = Debug|Any CPU
		{E9DFB17B-5430-4B57-9BDF-C5D81FAA8292}.Debug|x64.Deploy.0 = Debug|Any CPU
		{E9DFB17B-5430-4B57-9BDF-C5D81FAA8292}.Release|Any CPU.ActiveCfg = Release|Any CPU
		{E9DFB17B-5430-4B57-9BDF-C5D81FAA8292}.Release|Any CPU.Build.0 = Release|Any CPU
		{E9DFB17B-5430-4B57-9BDF-C5D81FAA8292}.Release|Any CPU.Deploy.0 = Release|Any CPU
		{E9DFB17B-5430-4B57-9BDF-C5D81FAA8292}.Release|x64.ActiveCfg = Release|Any CPU
		{E9DFB17B-5430-4B57-9BDF-C5D81FAA8292}.Release|x64.Build.0 = Release|Any CPU
		{E9DFB17B-5430-4B57-9BDF-C5D81FAA8292}.Release|x64.Deploy.0 = Release|Any CPU
		{AD7A71FC-F40F-4D30-BEB5-BB3892859775}.Debug|Any CPU.ActiveCfg = Debug|Any CPU
		{AD7A71FC-F40F-4D30-BEB5-BB3892859775}.Debug|Any CPU.Build.0 = Debug|Any CPU
		{AD7A71FC-F40F-4D30-BEB5-BB3892859775}.Debug|x64.ActiveCfg = Debug|Any CPU
		{AD7A71FC-F40F-4D30-BEB5-BB3892859775}.Debug|x64.Build.0 = Debug|Any CPU
		{AD7A71FC-F40F-4D30-BEB5-BB3892859775}.Release|Any CPU.ActiveCfg = Release|Any CPU
		{AD7A71FC-F40F-4D30-BEB5-BB3892859775}.Release|Any CPU.Build.0 = Release|Any CPU
		{AD7A71FC-F40F-4D30-BEB5-BB3892859775}.Release|x64.ActiveCfg = Release|x64
		{AD7A71FC-F40F-4D30-BEB5-BB3892859775}.Release|x64.Build.0 = Release|x64
		{6ACB78A9-0903-45AF-A251-5A299CCE9905}.Debug|Any CPU.ActiveCfg = Debug|Any CPU
		{6ACB78A9-0903-45AF-A251-5A299CCE9905}.Debug|Any CPU.Build.0 = Debug|Any CPU
		{6ACB78A9-0903-45AF-A251-5A299CCE9905}.Debug|x64.ActiveCfg = Debug|Any CPU
		{6ACB78A9-0903-45AF-A251-5A299CCE9905}.Debug|x64.Build.0 = Debug|Any CPU
		{6ACB78A9-0903-45AF-A251-5A299CCE9905}.Release|Any CPU.ActiveCfg = Release|Any CPU
		{6ACB78A9-0903-45AF-A251-5A299CCE9905}.Release|Any CPU.Build.0 = Release|Any CPU
		{6ACB78A9-0903-45AF-A251-5A299CCE9905}.Release|x64.ActiveCfg = Release|x64
		{6ACB78A9-0903-45AF-A251-5A299CCE9905}.Release|x64.Build.0 = Release|x64
		{F2C7731E-8E08-418D-B8F9-061DC415ADFA}.Debug|Any CPU.ActiveCfg = Debug|Any CPU
		{F2C7731E-8E08-418D-B8F9-061DC415ADFA}.Debug|Any CPU.Build.0 = Debug|Any CPU
		{F2C7731E-8E08-418D-B8F9-061DC415ADFA}.Debug|x64.ActiveCfg = Debug|Any CPU
		{F2C7731E-8E08-418D-B8F9-061DC415ADFA}.Debug|x64.Build.0 = Debug|Any CPU
		{F2C7731E-8E08-418D-B8F9-061DC415ADFA}.Release|Any CPU.ActiveCfg = Release|Any CPU
		{F2C7731E-8E08-418D-B8F9-061DC415ADFA}.Release|Any CPU.Build.0 = Release|Any CPU
		{F2C7731E-8E08-418D-B8F9-061DC415ADFA}.Release|x64.ActiveCfg = Release|x64
		{F2C7731E-8E08-418D-B8F9-061DC415ADFA}.Release|x64.Build.0 = Release|x64
		{547FC2BD-D318-46BF-9763-977C4239E8BB}.Debug|Any CPU.ActiveCfg = Debug|Any CPU
		{547FC2BD-D318-46BF-9763-977C4239E8BB}.Debug|Any CPU.Build.0 = Debug|Any CPU
		{547FC2BD-D318-46BF-9763-977C4239E8BB}.Debug|x64.ActiveCfg = Debug|Any CPU
		{547FC2BD-D318-46BF-9763-977C4239E8BB}.Debug|x64.Build.0 = Debug|Any CPU
		{547FC2BD-D318-46BF-9763-977C4239E8BB}.Release|Any CPU.ActiveCfg = Release|Any CPU
		{547FC2BD-D318-46BF-9763-977C4239E8BB}.Release|Any CPU.Build.0 = Release|Any CPU
		{547FC2BD-D318-46BF-9763-977C4239E8BB}.Release|x64.ActiveCfg = Release|Any CPU
		{547FC2BD-D318-46BF-9763-977C4239E8BB}.Release|x64.Build.0 = Release|Any CPU
		{CE65751A-47CD-462E-810B-643D67E10698}.Debug|Any CPU.ActiveCfg = Debug|Any CPU
		{CE65751A-47CD-462E-810B-643D67E10698}.Debug|Any CPU.Build.0 = Debug|Any CPU
		{CE65751A-47CD-462E-810B-643D67E10698}.Debug|x64.ActiveCfg = Debug|Any CPU
		{CE65751A-47CD-462E-810B-643D67E10698}.Debug|x64.Build.0 = Debug|Any CPU
		{CE65751A-47CD-462E-810B-643D67E10698}.Release|Any CPU.ActiveCfg = Release|Any CPU
		{CE65751A-47CD-462E-810B-643D67E10698}.Release|Any CPU.Build.0 = Release|Any CPU
		{CE65751A-47CD-462E-810B-643D67E10698}.Release|x64.ActiveCfg = Release|Any CPU
		{CE65751A-47CD-462E-810B-643D67E10698}.Release|x64.Build.0 = Release|Any CPU
		{5856CE11-F19C-4A5E-BD82-029DF733772C}.Debug|Any CPU.ActiveCfg = Debug|Any CPU
		{5856CE11-F19C-4A5E-BD82-029DF733772C}.Debug|Any CPU.Build.0 = Debug|Any CPU
		{5856CE11-F19C-4A5E-BD82-029DF733772C}.Debug|x64.ActiveCfg = Debug|Any CPU
		{5856CE11-F19C-4A5E-BD82-029DF733772C}.Debug|x64.Build.0 = Debug|Any CPU
		{5856CE11-F19C-4A5E-BD82-029DF733772C}.Release|Any CPU.ActiveCfg = Release|Any CPU
		{5856CE11-F19C-4A5E-BD82-029DF733772C}.Release|Any CPU.Build.0 = Release|Any CPU
		{5856CE11-F19C-4A5E-BD82-029DF733772C}.Release|x64.ActiveCfg = Release|Any CPU
		{5856CE11-F19C-4A5E-BD82-029DF733772C}.Release|x64.Build.0 = Release|Any CPU
		{2C26B115-4D94-4494-9A05-F8C4D53FE3B1}.Debug|Any CPU.ActiveCfg = Debug|Any CPU
		{2C26B115-4D94-4494-9A05-F8C4D53FE3B1}.Debug|Any CPU.Build.0 = Debug|Any CPU
		{2C26B115-4D94-4494-9A05-F8C4D53FE3B1}.Debug|x64.ActiveCfg = Debug|Any CPU
		{2C26B115-4D94-4494-9A05-F8C4D53FE3B1}.Debug|x64.Build.0 = Debug|Any CPU
		{2C26B115-4D94-4494-9A05-F8C4D53FE3B1}.Release|Any CPU.ActiveCfg = Release|Any CPU
		{2C26B115-4D94-4494-9A05-F8C4D53FE3B1}.Release|Any CPU.Build.0 = Release|Any CPU
		{2C26B115-4D94-4494-9A05-F8C4D53FE3B1}.Release|x64.ActiveCfg = Release|Any CPU
		{2C26B115-4D94-4494-9A05-F8C4D53FE3B1}.Release|x64.Build.0 = Release|Any CPU
		{554038A9-F98B-44C3-A2A7-AA7660B45EBB}.Debug|Any CPU.ActiveCfg = Debug|Any CPU
		{554038A9-F98B-44C3-A2A7-AA7660B45EBB}.Debug|Any CPU.Build.0 = Debug|Any CPU
		{554038A9-F98B-44C3-A2A7-AA7660B45EBB}.Debug|x64.ActiveCfg = Debug|Any CPU
		{554038A9-F98B-44C3-A2A7-AA7660B45EBB}.Debug|x64.Build.0 = Debug|Any CPU
		{554038A9-F98B-44C3-A2A7-AA7660B45EBB}.Release|Any CPU.ActiveCfg = Release|Any CPU
		{554038A9-F98B-44C3-A2A7-AA7660B45EBB}.Release|Any CPU.Build.0 = Release|Any CPU
		{554038A9-F98B-44C3-A2A7-AA7660B45EBB}.Release|x64.ActiveCfg = Release|Any CPU
		{554038A9-F98B-44C3-A2A7-AA7660B45EBB}.Release|x64.Build.0 = Release|Any CPU
		{353667D0-9D67-4F23-BB07-6B9C31096EC4}.Debug|Any CPU.ActiveCfg = Debug|Any CPU
		{353667D0-9D67-4F23-BB07-6B9C31096EC4}.Debug|Any CPU.Build.0 = Debug|Any CPU
		{353667D0-9D67-4F23-BB07-6B9C31096EC4}.Debug|Any CPU.Deploy.0 = Debug|Any CPU
		{353667D0-9D67-4F23-BB07-6B9C31096EC4}.Debug|x64.ActiveCfg = Debug|Any CPU
		{353667D0-9D67-4F23-BB07-6B9C31096EC4}.Debug|x64.Build.0 = Debug|Any CPU
		{353667D0-9D67-4F23-BB07-6B9C31096EC4}.Debug|x64.Deploy.0 = Debug|Any CPU
		{353667D0-9D67-4F23-BB07-6B9C31096EC4}.Release|Any CPU.ActiveCfg = Release|Any CPU
		{353667D0-9D67-4F23-BB07-6B9C31096EC4}.Release|Any CPU.Build.0 = Release|Any CPU
		{353667D0-9D67-4F23-BB07-6B9C31096EC4}.Release|Any CPU.Deploy.0 = Release|Any CPU
		{353667D0-9D67-4F23-BB07-6B9C31096EC4}.Release|x64.ActiveCfg = Release|Any CPU
		{353667D0-9D67-4F23-BB07-6B9C31096EC4}.Release|x64.Build.0 = Release|Any CPU
		{353667D0-9D67-4F23-BB07-6B9C31096EC4}.Release|x64.Deploy.0 = Release|Any CPU
		{C76B7FEF-645C-465C-A9F9-6C0A031FE10A}.Debug|Any CPU.ActiveCfg = Debug|Any CPU
		{C76B7FEF-645C-465C-A9F9-6C0A031FE10A}.Debug|Any CPU.Build.0 = Debug|Any CPU
		{C76B7FEF-645C-465C-A9F9-6C0A031FE10A}.Debug|x64.ActiveCfg = Debug|Any CPU
		{C76B7FEF-645C-465C-A9F9-6C0A031FE10A}.Debug|x64.Build.0 = Debug|Any CPU
		{C76B7FEF-645C-465C-A9F9-6C0A031FE10A}.Release|Any CPU.ActiveCfg = Release|Any CPU
		{C76B7FEF-645C-465C-A9F9-6C0A031FE10A}.Release|Any CPU.Build.0 = Release|Any CPU
		{C76B7FEF-645C-465C-A9F9-6C0A031FE10A}.Release|x64.ActiveCfg = Release|Any CPU
		{C76B7FEF-645C-465C-A9F9-6C0A031FE10A}.Release|x64.Build.0 = Release|Any CPU
		{D3E55A0E-5C6D-47D0-B2F7-861176ED0256}.Debug|Any CPU.ActiveCfg = Debug|Any CPU
		{D3E55A0E-5C6D-47D0-B2F7-861176ED0256}.Debug|Any CPU.Build.0 = Debug|Any CPU
		{D3E55A0E-5C6D-47D0-B2F7-861176ED0256}.Debug|x64.ActiveCfg = Debug|Any CPU
		{D3E55A0E-5C6D-47D0-B2F7-861176ED0256}.Debug|x64.Build.0 = Debug|Any CPU
		{D3E55A0E-5C6D-47D0-B2F7-861176ED0256}.Release|Any CPU.ActiveCfg = Release|Any CPU
		{D3E55A0E-5C6D-47D0-B2F7-861176ED0256}.Release|Any CPU.Build.0 = Release|Any CPU
		{D3E55A0E-5C6D-47D0-B2F7-861176ED0256}.Release|x64.ActiveCfg = Release|Any CPU
		{D3E55A0E-5C6D-47D0-B2F7-861176ED0256}.Release|x64.Build.0 = Release|Any CPU
	EndGlobalSection
	GlobalSection(SolutionProperties) = preSolution
		HideSolutionNode = FALSE
	EndGlobalSection
	GlobalSection(NestedProjects) = preSolution
		{45A07469-48C5-4B48-9D09-02C0C7DAC216} = {24A12D29-CEE5-4959-8360-C1B3C35C5727}
		{28D2C93E-83DF-4D17-B877-ECD33231B8C2} = {24A12D29-CEE5-4959-8360-C1B3C35C5727}
		{377208E2-39D7-46E3-8875-F69A9F792A91} = {24A12D29-CEE5-4959-8360-C1B3C35C5727}
		{E7474D7B-857A-4EEF-8BAE-449DC2AA3F5A} = {24A12D29-CEE5-4959-8360-C1B3C35C5727}
		{79D1AD29-B14F-4DDC-AD2C-73A169D99316} = {24A12D29-CEE5-4959-8360-C1B3C35C5727}
		{6BF5D2A1-AA60-4E12-AF41-DA18911D74AD} = {24A12D29-CEE5-4959-8360-C1B3C35C5727}
		{1AAA3E7E-1653-45C9-8592-E0DCE3EC9D3A} = {5F12EF8A-962D-44EA-AEFF-8DB504EC524A}
		{4D187201-4BDC-4F60-BAA0-79394D4B4D1A} = {5F12EF8A-962D-44EA-AEFF-8DB504EC524A}
		{E9DFB17B-5430-4B57-9BDF-C5D81FAA8292} = {5F12EF8A-962D-44EA-AEFF-8DB504EC524A}
		{AD7A71FC-F40F-4D30-BEB5-BB3892859775} = {5F12EF8A-962D-44EA-AEFF-8DB504EC524A}
		{6ACB78A9-0903-45AF-A251-5A299CCE9905} = {5F12EF8A-962D-44EA-AEFF-8DB504EC524A}
		{F2C7731E-8E08-418D-B8F9-061DC415ADFA} = {5F12EF8A-962D-44EA-AEFF-8DB504EC524A}
		{547FC2BD-D318-46BF-9763-977C4239E8BB} = {24A12D29-CEE5-4959-8360-C1B3C35C5727}
		{CE65751A-47CD-462E-810B-643D67E10698} = {2E761CA1-8168-4FE0-BF24-4C8DB68B25A9}
		{5856CE11-F19C-4A5E-BD82-029DF733772C} = {2E761CA1-8168-4FE0-BF24-4C8DB68B25A9}
		{2C26B115-4D94-4494-9A05-F8C4D53FE3B1} = {2E761CA1-8168-4FE0-BF24-4C8DB68B25A9}
		{554038A9-F98B-44C3-A2A7-AA7660B45EBB} = {2E761CA1-8168-4FE0-BF24-4C8DB68B25A9}
		{353667D0-9D67-4F23-BB07-6B9C31096EC4} = {2E761CA1-8168-4FE0-BF24-4C8DB68B25A9}
		{D3E55A0E-5C6D-47D0-B2F7-861176ED0256} = {2E761CA1-8168-4FE0-BF24-4C8DB68B25A9}
	EndGlobalSection
	GlobalSection(ExtensibilityGlobals) = postSolution
		SolutionGuid = {E4E78647-835F-4090-9874-2279AD329F70}
	EndGlobalSection
EndGlobal
